
Microsoft Visual Studio Solution File, Format Version 11.00
# Visual Studio 2010
Project("{8BC9CEB8-8B4A-11D0-8D11-00A0C91BC942}") = "test", "test.vcxproj", "{8D74D1EA-A23F-4C1A-B12A-066AC9F3C6CC}"
EndProject
Global
	GlobalSection(SolutionConfigurationPlatforms) = preSolution
		Debug|Win32 = Debug|Win32
		Release|Win32 = Release|Win32
	EndGlobalSection
	GlobalSection(ProjectConfigurationPlatforms) = postSolution
		{8D74D1EA-A23F-4C1A-B12A-066AC9F3C6CC}.Debug|Win32.ActiveCfg = Debug|Win32
		{8D74D1EA-A23F-4C1A-B12A-066AC9F3C6CC}.Debug|Win32.Build.0 = Debug|Win32
		{8D74D1EA-A23F-4C1A-B12A-066AC9F3C6CC}.Release|Win32.ActiveCfg = Release|Win32
		{8D74D1EA-A23F-4C1A-B12A-066AC9F3C6CC}.Release|Win32.Build.0 = Release|Win32
	EndGlobalSection
	GlobalSection(SolutionProperties) = preSolution
		HideSolutionNode = FALSE
	EndGlobalSection
EndGlobal
